
Microsoft Visual Studio Solution File, Format Version 12.00
# Visual Studio Version 17
VisualStudioVersion = 17.0.31611.283
MinimumVisualStudioVersion = 10.0.40219.1
Project("{9A19103F-16F7-4668-BE54-9A1E7A4F7556}") = "MauiCalculator", "MauiCalculator\MauiCalculator.csproj", "{8E9878B5-33DD-4186-8FC4-6EBEA6021D5F}"
EndProject
Project("{FAE04EC0-301F-11D3-BF4B-00C04F79EFBC}") = "MauiCalculator.Lib", "MauiCalculator.Lib\MauiCalculator.Lib.csproj", "{039833E0-FD0A-431A-9F2C-2B5D79BD45C0}"
EndProject
Project("{FAE04EC0-301F-11D3-BF4B-00C04F79EFBC}") = "MauiCalculator.Lib.Test", "MauiCalculator.Lib.Test\MauiCalculator.Lib.Test.csproj", "{79C2589E-C345-4E67-BED2-CB50817DE596}"
EndProject
Global
	GlobalSection(SolutionConfigurationPlatforms) = preSolution
		Debug|Any CPU = Debug|Any CPU
		Release|Any CPU = Release|Any CPU
	EndGlobalSection
	GlobalSection(ProjectConfigurationPlatforms) = postSolution
		{8E9878B5-33DD-4186-8FC4-6EBEA6021D5F}.Debug|Any CPU.ActiveCfg = Debug|Any CPU
		{8E9878B5-33DD-4186-8FC4-6EBEA6021D5F}.Debug|Any CPU.Build.0 = Debug|Any CPU
		{8E9878B5-33DD-4186-8FC4-6EBEA6021D5F}.Debug|Any CPU.Deploy.0 = Debug|Any CPU
		{8E9878B5-33DD-4186-8FC4-6EBEA6021D5F}.Release|Any CPU.ActiveCfg = Release|Any CPU
		{8E9878B5-33DD-4186-8FC4-6EBEA6021D5F}.Release|Any CPU.Build.0 = Release|Any CPU
		{8E9878B5-33DD-4186-8FC4-6EBEA6021D5F}.Release|Any CPU.Deploy.0 = Release|Any CPU
		{039833E0-FD0A-431A-9F2C-2B5D79BD45C0}.Debug|Any CPU.ActiveCfg = Debug|Any CPU
		{039833E0-FD0A-431A-9F2C-2B5D79BD45C0}.Debug|Any CPU.Build.0 = Debug|Any CPU
		{039833E0-FD0A-431A-9F2C-2B5D79BD45C0}.Release|Any CPU.ActiveCfg = Release|Any CPU
		{039833E0-FD0A-431A-9F2C-2B5D79BD45C0}.Release|Any CPU.Build.0 = Release|Any CPU
		{79C2589E-C345-4E67-BED2-CB50817DE596}.Debug|Any CPU.ActiveCfg = Debug|Any CPU
		{79C2589E-C345-4E67-BED2-CB50817DE596}.Debug|Any CPU.Build.0 = Debug|Any CPU
		{79C2589E-C345-4E67-BED2-CB50817DE596}.Release|Any CPU.ActiveCfg = Release|Any CPU
		{79C2589E-C345-4E67-BED2-CB50817DE596}.Release|Any CPU.Build.0 = Release|Any CPU
	EndGlobalSection
	GlobalSection(SolutionProperties) = preSolution
		HideSolutionNode = FALSE
	EndGlobalSection
	GlobalSection(ExtensibilityGlobals) = postSolution
		SolutionGuid = {61F7FB11-1E47-470C-91E2-47F8143E1572}
	EndGlobalSection
EndGlobal
